
Microsoft Visual Studio Solution File, Format Version 12.00
# Visual Studio Version 17
VisualStudioVersion = 17.0.32014.148
MinimumVisualStudioVersion = 10.0.40219.1
Project("{FAE04EC0-301F-11D3-BF4B-00C04F79EFBC}") = "01. Sum Seconds", "01. Sum Seconds\01. Sum Seconds.csproj", "{46F7AC83-4036-443D-BC1A-09E260779690}"
EndProject
Global
	GlobalSection(SolutionConfigurationPlatforms) = preSolution
		Debug|Any CPU = Debug|Any CPU
		Release|Any CPU = Release|Any CPU
	EndGlobalSection
	GlobalSection(ProjectConfigurationPlatforms) = postSolution
		{46F7AC83-4036-443D-BC1A-09E260779690}.Debug|Any CPU.ActiveCfg = Debug|Any CPU
		{46F7AC83-4036-443D-BC1A-09E260779690}.Debug|Any CPU.Build.0 = Debug|Any CPU
		{46F7AC83-4036-443D-BC1A-09E260779690}.Release|Any CPU.ActiveCfg = Release|Any CPU
		{46F7AC83-4036-443D-BC1A-09E260779690}.Release|Any CPU.Build.0 = Release|Any CPU
	EndGlobalSection
	GlobalSection(SolutionProperties) = preSolution
		HideSolutionNode = FALSE
	EndGlobalSection
	GlobalSection(ExtensibilityGlobals) = postSolution
		SolutionGuid = {F3B07216-DCE4-483B-A50F-539B53D2DDB0}
	EndGlobalSection
EndGlobal
