
Microsoft Visual Studio Solution File, Format Version 12.00
# Visual Studio Version 17
VisualStudioVersion = 17.0.32014.148
MinimumVisualStudioVersion = 10.0.40219.1
Project("{9A19103F-16F7-4668-BE54-9A1E7A4F7556}") = "01. Numbers Ending in 7", "01. Numbers Ending in 7\01. Numbers Ending in 7.csproj", "{35CA4A68-F9DD-4C32-AF60-3EA1D69E0606}"
EndProject
Project("{9A19103F-16F7-4668-BE54-9A1E7A4F7556}") = "02. Half Sum Element", "02. Half Sum Element\02. Half Sum Element.csproj", "{F8EFD143-65C3-4474-9B69-C47C9501F6DD}"
EndProject
Project("{9A19103F-16F7-4668-BE54-9A1E7A4F7556}") = "03. Histogram", "03. Histogram\03. Histogram.csproj", "{5DDE351F-231A-4A5D-8608-7B060C8B4C1D}"
EndProject
Project("{9A19103F-16F7-4668-BE54-9A1E7A4F7556}") = "04. Clever Lily", "04. Clever Lily\04. Clever Lily.csproj", "{201A7311-9D9D-4AA3-9086-8CADD7567712}"
EndProject
Project("{9A19103F-16F7-4668-BE54-9A1E7A4F7556}") = "05. Salary", "05. Salary\05. Salary.csproj", "{EF351644-5C72-448D-BA07-46B91546ADB1}"
EndProject
Project("{FAE04EC0-301F-11D3-BF4B-00C04F79EFBC}") = "06. Oscars", "06. Oscars\06. Oscars.csproj", "{8F1728F6-2DFC-4A5E-AA29-BDEFAED82826}"
EndProject
Global
	GlobalSection(SolutionConfigurationPlatforms) = preSolution
		Debug|Any CPU = Debug|Any CPU
		Release|Any CPU = Release|Any CPU
	EndGlobalSection
	GlobalSection(ProjectConfigurationPlatforms) = postSolution
		{35CA4A68-F9DD-4C32-AF60-3EA1D69E0606}.Debug|Any CPU.ActiveCfg = Debug|Any CPU
		{35CA4A68-F9DD-4C32-AF60-3EA1D69E0606}.Debug|Any CPU.Build.0 = Debug|Any CPU
		{35CA4A68-F9DD-4C32-AF60-3EA1D69E0606}.Release|Any CPU.ActiveCfg = Release|Any CPU
		{35CA4A68-F9DD-4C32-AF60-3EA1D69E0606}.Release|Any CPU.Build.0 = Release|Any CPU
		{F8EFD143-65C3-4474-9B69-C47C9501F6DD}.Debug|Any CPU.ActiveCfg = Debug|Any CPU
		{F8EFD143-65C3-4474-9B69-C47C9501F6DD}.Debug|Any CPU.Build.0 = Debug|Any CPU
		{F8EFD143-65C3-4474-9B69-C47C9501F6DD}.Release|Any CPU.ActiveCfg = Release|Any CPU
		{F8EFD143-65C3-4474-9B69-C47C9501F6DD}.Release|Any CPU.Build.0 = Release|Any CPU
		{5DDE351F-231A-4A5D-8608-7B060C8B4C1D}.Debug|Any CPU.ActiveCfg = Debug|Any CPU
		{5DDE351F-231A-4A5D-8608-7B060C8B4C1D}.Debug|Any CPU.Build.0 = Debug|Any CPU
		{5DDE351F-231A-4A5D-8608-7B060C8B4C1D}.Release|Any CPU.ActiveCfg = Release|Any CPU
		{5DDE351F-231A-4A5D-8608-7B060C8B4C1D}.Release|Any CPU.Build.0 = Release|Any CPU
		{201A7311-9D9D-4AA3-9086-8CADD7567712}.Debug|Any CPU.ActiveCfg = Debug|Any CPU
		{201A7311-9D9D-4AA3-9086-8CADD7567712}.Debug|Any CPU.Build.0 = Debug|Any CPU
		{201A7311-9D9D-4AA3-9086-8CADD7567712}.Release|Any CPU.ActiveCfg = Release|Any CPU
		{201A7311-9D9D-4AA3-9086-8CADD7567712}.Release|Any CPU.Build.0 = Release|Any CPU
		{EF351644-5C72-448D-BA07-46B91546ADB1}.Debug|Any CPU.ActiveCfg = Debug|Any CPU
		{EF351644-5C72-448D-BA07-46B91546ADB1}.Debug|Any CPU.Build.0 = Debug|Any CPU
		{EF351644-5C72-448D-BA07-46B91546ADB1}.Release|Any CPU.ActiveCfg = Release|Any CPU
		{EF351644-5C72-448D-BA07-46B91546ADB1}.Release|Any CPU.Build.0 = Release|Any CPU
		{8F1728F6-2DFC-4A5E-AA29-BDEFAED82826}.Debug|Any CPU.ActiveCfg = Debug|Any CPU
		{8F1728F6-2DFC-4A5E-AA29-BDEFAED82826}.Debug|Any CPU.Build.0 = Debug|Any CPU
		{8F1728F6-2DFC-4A5E-AA29-BDEFAED82826}.Release|Any CPU.ActiveCfg = Release|Any CPU
		{8F1728F6-2DFC-4A5E-AA29-BDEFAED82826}.Release|Any CPU.Build.0 = Release|Any CPU
	EndGlobalSection
	GlobalSection(SolutionProperties) = preSolution
		HideSolutionNode = FALSE
	EndGlobalSection
	GlobalSection(ExtensibilityGlobals) = postSolution
		SolutionGuid = {2AAC51A6-654A-403C-B2C3-85F287836DB5}
	EndGlobalSection
EndGlobal
