
Microsoft Visual Studio Solution File, Format Version 12.00
# Visual Studio Version 17
VisualStudioVersion = 17.0.32014.148
MinimumVisualStudioVersion = 10.0.40219.1
Project("{FAE04EC0-301F-11D3-BF4B-00C04F79EFBC}") = "01. Numbers from 1 to 100", "01. Numbers from 1 to 100\01. Numbers from 1 to 100.csproj", "{3DBBF371-1B29-4AA7-A2F3-CE3F18CD926C}"
EndProject
Project("{FAE04EC0-301F-11D3-BF4B-00C04F79EFBC}") = "02. Numbers NTo1", "02. Numbers NTo1\02. Numbers NTo1.csproj", "{375F6DBF-59B7-4D45-979D-AE1C9BF491B6}"
EndProject
Project("{FAE04EC0-301F-11D3-BF4B-00C04F79EFBC}") = "03. Numbers 1ToN with Step 3", "03. Numbers 1ToN with Step 3\03. Numbers 1ToN with Step 3.csproj", "{AE3FB68D-0322-4CAE-857B-FA46B6730ECE}"
EndProject
Project("{FAE04EC0-301F-11D3-BF4B-00C04F79EFBC}") = "04. Even Powers of 2", "04. Even Powers of 2\04. Even Powers of 2.csproj", "{831A4953-9879-42D3-A559-5EB98D3E8B1C}"
EndProject
Project("{FAE04EC0-301F-11D3-BF4B-00C04F79EFBC}") = "05. Character Sequence", "05. Character Sequence\05. Character Sequence.csproj", "{5CA6553B-A9F5-4A17-A0DA-E3D51022672F}"
EndProject
Global
	GlobalSection(SolutionConfigurationPlatforms) = preSolution
		Debug|Any CPU = Debug|Any CPU
		Release|Any CPU = Release|Any CPU
	EndGlobalSection
	GlobalSection(ProjectConfigurationPlatforms) = postSolution
		{3DBBF371-1B29-4AA7-A2F3-CE3F18CD926C}.Debug|Any CPU.ActiveCfg = Debug|Any CPU
		{3DBBF371-1B29-4AA7-A2F3-CE3F18CD926C}.Debug|Any CPU.Build.0 = Debug|Any CPU
		{3DBBF371-1B29-4AA7-A2F3-CE3F18CD926C}.Release|Any CPU.ActiveCfg = Release|Any CPU
		{3DBBF371-1B29-4AA7-A2F3-CE3F18CD926C}.Release|Any CPU.Build.0 = Release|Any CPU
		{375F6DBF-59B7-4D45-979D-AE1C9BF491B6}.Debug|Any CPU.ActiveCfg = Debug|Any CPU
		{375F6DBF-59B7-4D45-979D-AE1C9BF491B6}.Debug|Any CPU.Build.0 = Debug|Any CPU
		{375F6DBF-59B7-4D45-979D-AE1C9BF491B6}.Release|Any CPU.ActiveCfg = Release|Any CPU
		{375F6DBF-59B7-4D45-979D-AE1C9BF491B6}.Release|Any CPU.Build.0 = Release|Any CPU
		{AE3FB68D-0322-4CAE-857B-FA46B6730ECE}.Debug|Any CPU.ActiveCfg = Debug|Any CPU
		{AE3FB68D-0322-4CAE-857B-FA46B6730ECE}.Debug|Any CPU.Build.0 = Debug|Any CPU
		{AE3FB68D-0322-4CAE-857B-FA46B6730ECE}.Release|Any CPU.ActiveCfg = Release|Any CPU
		{AE3FB68D-0322-4CAE-857B-FA46B6730ECE}.Release|Any CPU.Build.0 = Release|Any CPU
		{831A4953-9879-42D3-A559-5EB98D3E8B1C}.Debug|Any CPU.ActiveCfg = Debug|Any CPU
		{831A4953-9879-42D3-A559-5EB98D3E8B1C}.Debug|Any CPU.Build.0 = Debug|Any CPU
		{831A4953-9879-42D3-A559-5EB98D3E8B1C}.Release|Any CPU.ActiveCfg = Release|Any CPU
		{831A4953-9879-42D3-A559-5EB98D3E8B1C}.Release|Any CPU.Build.0 = Release|Any CPU
		{5CA6553B-A9F5-4A17-A0DA-E3D51022672F}.Debug|Any CPU.ActiveCfg = Debug|Any CPU
		{5CA6553B-A9F5-4A17-A0DA-E3D51022672F}.Debug|Any CPU.Build.0 = Debug|Any CPU
		{5CA6553B-A9F5-4A17-A0DA-E3D51022672F}.Release|Any CPU.ActiveCfg = Release|Any CPU
		{5CA6553B-A9F5-4A17-A0DA-E3D51022672F}.Release|Any CPU.Build.0 = Release|Any CPU
	EndGlobalSection
	GlobalSection(SolutionProperties) = preSolution
		HideSolutionNode = FALSE
	EndGlobalSection
	GlobalSection(ExtensibilityGlobals) = postSolution
		SolutionGuid = {53EA3FDA-53CC-4877-9F5F-478F933544F2}
	EndGlobalSection
EndGlobal
