
Microsoft Visual Studio Solution File, Format Version 12.00
# Visual Studio Version 17
VisualStudioVersion = 17.0.32014.148
MinimumVisualStudioVersion = 10.0.40219.1
Project("{FAE04EC0-301F-11D3-BF4B-00C04F79EFBC}") = "01. Excellent Result", "01. Excellent Result\01. Excellent Result.csproj", "{FB31E689-2A38-465F-ADCB-288C68E1D2F9}"
EndProject
Project("{FAE04EC0-301F-11D3-BF4B-00C04F79EFBC}") = "02. Greater Number", "02. Greater Number\02. Greater Number.csproj", "{28342E8B-8A11-46F6-B25B-DDD9C79DC442}"
EndProject
Project("{FAE04EC0-301F-11D3-BF4B-00C04F79EFBC}") = "03. Even or Odd", "03. Even or Odd\03. Even or Odd.csproj", "{38959E18-15D3-448F-B136-297D5C4F3085}"
EndProject
Global
	GlobalSection(SolutionConfigurationPlatforms) = preSolution
		Debug|Any CPU = Debug|Any CPU
		Release|Any CPU = Release|Any CPU
	EndGlobalSection
	GlobalSection(ProjectConfigurationPlatforms) = postSolution
		{FB31E689-2A38-465F-ADCB-288C68E1D2F9}.Debug|Any CPU.ActiveCfg = Debug|Any CPU
		{FB31E689-2A38-465F-ADCB-288C68E1D2F9}.Debug|Any CPU.Build.0 = Debug|Any CPU
		{FB31E689-2A38-465F-ADCB-288C68E1D2F9}.Release|Any CPU.ActiveCfg = Release|Any CPU
		{FB31E689-2A38-465F-ADCB-288C68E1D2F9}.Release|Any CPU.Build.0 = Release|Any CPU
		{28342E8B-8A11-46F6-B25B-DDD9C79DC442}.Debug|Any CPU.ActiveCfg = Debug|Any CPU
		{28342E8B-8A11-46F6-B25B-DDD9C79DC442}.Debug|Any CPU.Build.0 = Debug|Any CPU
		{28342E8B-8A11-46F6-B25B-DDD9C79DC442}.Release|Any CPU.ActiveCfg = Release|Any CPU
		{28342E8B-8A11-46F6-B25B-DDD9C79DC442}.Release|Any CPU.Build.0 = Release|Any CPU
		{38959E18-15D3-448F-B136-297D5C4F3085}.Debug|Any CPU.ActiveCfg = Debug|Any CPU
		{38959E18-15D3-448F-B136-297D5C4F3085}.Debug|Any CPU.Build.0 = Debug|Any CPU
		{38959E18-15D3-448F-B136-297D5C4F3085}.Release|Any CPU.ActiveCfg = Release|Any CPU
		{38959E18-15D3-448F-B136-297D5C4F3085}.Release|Any CPU.Build.0 = Release|Any CPU
	EndGlobalSection
	GlobalSection(SolutionProperties) = preSolution
		HideSolutionNode = FALSE
	EndGlobalSection
	GlobalSection(ExtensibilityGlobals) = postSolution
		SolutionGuid = {C30BDF8C-7C02-4E2C-BC57-F12DB061DA97}
	EndGlobalSection
EndGlobal
